
Microsoft Visual Studio Solution File, Format Version 12.00
# Visual Studio Version 16
VisualStudioVersion = 16.0.32106.194
MinimumVisualStudioVersion = 10.0.40219.1
Project("{FAE04EC0-301F-11D3-BF4B-00C04F79EFBC}") = "P128HomeWork2", "P128HomeWork2\P128HomeWork2.csproj", "{92974E98-7407-45E5-A481-4A88432AED67}"
EndProject
Global
	GlobalSection(SolutionConfigurationPlatforms) = preSolution
		Debug|Any CPU = Debug|Any CPU
		Release|Any CPU = Release|Any CPU
	EndGlobalSection
	GlobalSection(ProjectConfigurationPlatforms) = postSolution
		{92974E98-7407-45E5-A481-4A88432AED67}.Debug|Any CPU.ActiveCfg = Debug|Any CPU
		{92974E98-7407-45E5-A481-4A88432AED67}.Debug|Any CPU.Build.0 = Debug|Any CPU
		{92974E98-7407-45E5-A481-4A88432AED67}.Release|Any CPU.ActiveCfg = Release|Any CPU
		{92974E98-7407-45E5-A481-4A88432AED67}.Release|Any CPU.Build.0 = Release|Any CPU
	EndGlobalSection
	GlobalSection(SolutionProperties) = preSolution
		HideSolutionNode = FALSE
	EndGlobalSection
	GlobalSection(ExtensibilityGlobals) = postSolution
		SolutionGuid = {35C240B5-32B5-4C0E-9F69-DDF0ECEDD611}
	EndGlobalSection
EndGlobal
